
Microsoft Visual Studio Solution File, Format Version 12.00
# Visual Studio Version 17
VisualStudioVersion = 17.5.33414.496
MinimumVisualStudioVersion = 10.0.40219.1
Project("{9A19103F-16F7-4668-BE54-9A1E7A4F7556}") = "delegates", "delegates\delegates.csproj", "{9F3972C6-713E-4B2B-B1CD-BD89663193D9}"
EndProject
Project("{9A19103F-16F7-4668-BE54-9A1E7A4F7556}") = "TemperatureView", "TemperatureView\TemperatureView.csproj", "{1BF048C5-7DBD-46F8-A64F-FF7638941F6D}"
EndProject
Project("{9A19103F-16F7-4668-BE54-9A1E7A4F7556}") = "TimerApp", "TimerApp\TimerApp.csproj", "{33C636AB-5C27-4167-86C8-8FE7A276FEB1}"
EndProject
Global
	GlobalSection(SolutionConfigurationPlatforms) = preSolution
		Debug|Any CPU = Debug|Any CPU
		Release|Any CPU = Release|Any CPU
	EndGlobalSection
	GlobalSection(ProjectConfigurationPlatforms) = postSolution
		{9F3972C6-713E-4B2B-B1CD-BD89663193D9}.Debug|Any CPU.ActiveCfg = Debug|Any CPU
		{9F3972C6-713E-4B2B-B1CD-BD89663193D9}.Debug|Any CPU.Build.0 = Debug|Any CPU
		{9F3972C6-713E-4B2B-B1CD-BD89663193D9}.Release|Any CPU.ActiveCfg = Release|Any CPU
		{9F3972C6-713E-4B2B-B1CD-BD89663193D9}.Release|Any CPU.Build.0 = Release|Any CPU
		{1BF048C5-7DBD-46F8-A64F-FF7638941F6D}.Debug|Any CPU.ActiveCfg = Debug|Any CPU
		{1BF048C5-7DBD-46F8-A64F-FF7638941F6D}.Debug|Any CPU.Build.0 = Debug|Any CPU
		{1BF048C5-7DBD-46F8-A64F-FF7638941F6D}.Release|Any CPU.ActiveCfg = Release|Any CPU
		{1BF048C5-7DBD-46F8-A64F-FF7638941F6D}.Release|Any CPU.Build.0 = Release|Any CPU
		{33C636AB-5C27-4167-86C8-8FE7A276FEB1}.Debug|Any CPU.ActiveCfg = Debug|Any CPU
		{33C636AB-5C27-4167-86C8-8FE7A276FEB1}.Debug|Any CPU.Build.0 = Debug|Any CPU
		{33C636AB-5C27-4167-86C8-8FE7A276FEB1}.Release|Any CPU.ActiveCfg = Release|Any CPU
		{33C636AB-5C27-4167-86C8-8FE7A276FEB1}.Release|Any CPU.Build.0 = Release|Any CPU
	EndGlobalSection
	GlobalSection(SolutionProperties) = preSolution
		HideSolutionNode = FALSE
	EndGlobalSection
	GlobalSection(ExtensibilityGlobals) = postSolution
		SolutionGuid = {77BA5FE1-F46E-4673-B4B3-6577B755D949}
	EndGlobalSection
EndGlobal
